
Microsoft Visual Studio Solution File, Format Version 12.00
# Visual Studio Version 16
VisualStudioVersion = 16.0.30611.23
MinimumVisualStudioVersion = 10.0.40219.1
Project("{FAE04EC0-301F-11D3-BF4B-00C04F79EFBC}") = "FirstWCFService_145", "FirstWCFService_145\FirstWCFService_145.csproj", "{D50A9606-BE15-4227-990F-8123D74B7A5C}"
EndProject
Global
	GlobalSection(SolutionConfigurationPlatforms) = preSolution
		Debug|Any CPU = Debug|Any CPU
		Release|Any CPU = Release|Any CPU
	EndGlobalSection
	GlobalSection(ProjectConfigurationPlatforms) = postSolution
		{D50A9606-BE15-4227-990F-8123D74B7A5C}.Debug|Any CPU.ActiveCfg = Debug|Any CPU
		{D50A9606-BE15-4227-990F-8123D74B7A5C}.Debug|Any CPU.Build.0 = Debug|Any CPU
		{D50A9606-BE15-4227-990F-8123D74B7A5C}.Release|Any CPU.ActiveCfg = Release|Any CPU
		{D50A9606-BE15-4227-990F-8123D74B7A5C}.Release|Any CPU.Build.0 = Release|Any CPU
	EndGlobalSection
	GlobalSection(SolutionProperties) = preSolution
		HideSolutionNode = FALSE
	EndGlobalSection
	GlobalSection(ExtensibilityGlobals) = postSolution
		SolutionGuid = {60C68EC7-0591-4CA1-9B54-5784A529AF09}
	EndGlobalSection
EndGlobal
